
Microsoft Visual Studio Solution File, Format Version 12.00
# Visual Studio 15
Project("{FAE04EC0-301F-11D3-BF4B-00C04F79EFBC}") = "SampleApp.Native.Android", "SampleApp.Native.Android\SampleApp.Native.Android.csproj", "{E93BB9E8-B9F7-4FD7-BF6A-DE5CA38D9D4A}"
EndProject
Project("{FAE04EC0-301F-11D3-BF4B-00C04F79EFBC}") = "SampleApp.Forms.Android", "SampleApp.Forms.Android\SampleApp.Forms.Android.csproj", "{5D369EE5-FAC3-4A26-830F-C5099876E163}"
EndProject
Project("{FAE04EC0-301F-11D3-BF4B-00C04F79EFBC}") = "SampleApp.Forms", "SampleApp.Forms\SampleApp.Forms.csproj", "{E8AD45F4-7C24-491E-AB86-9C571BC3806B}"
EndProject
Project("{FAE04EC0-301F-11D3-BF4B-00C04F79EFBC}") = "JINSMEME.Forms", "JINSMEME.Forms\JINSMEME.Forms.csproj", "{8FA2FCB4-AD3F-4751-AC66-30E0B1C7949A}"
EndProject
Project("{FAE04EC0-301F-11D3-BF4B-00C04F79EFBC}") = "JINSMEME.Forms.android", "JINSMEME.Forms\JINSMEME.Forms.android.csproj", "{7D907DA1-ECCF-423E-A11D-C0C9B840DF4B}"
EndProject
Project("{FAE04EC0-301F-11D3-BF4B-00C04F79EFBC}") = "JINSMEME.Forms.netstandard", "JINSMEME.Forms\JINSMEME.Forms.netstandard.csproj", "{BFA7B154-9ACC-4D2E-BBA1-2D8C87158F82}"
EndProject
Project("{FAE04EC0-301F-11D3-BF4B-00C04F79EFBC}") = "JINSMEME.Forms.ios", "JINSMEME.Forms\JINSMEME.Forms.ios.csproj", "{0C9E3690-9FAF-42FB-9D04-292FDDB72842}"
EndProject
Project("{FAE04EC0-301F-11D3-BF4B-00C04F79EFBC}") = "SampleApp.Forms.iOS", "SampleApp.Forms.iOS\SampleApp.Forms.iOS.csproj", "{E4E5E0F9-AC29-43A3-82B5-42CEC9A8D24F}"
EndProject
Project("{2150E333-8FDC-42A3-9474-1A3956D46DE8}") = "Samples", "Samples", "{19267343-0ED9-4E21-AE2F-3FAC5841A675}"
EndProject
Project("{FAE04EC0-301F-11D3-BF4B-00C04F79EFBC}") = "JINSMEME.Native.Android", "JINSMEME.Native.Android\JINSMEME.Native.Android.csproj", "{743E1407-6B0A-44B6-BFCC-3CE55036902C}"
EndProject
Project("{FAE04EC0-301F-11D3-BF4B-00C04F79EFBC}") = "JINSMEME.Native.iOS", "JINSMEME.Native.iOS\JINSMEME.Native.iOS.csproj", "{81EA74B1-1097-4983-B72C-08B7A72D472D}"
EndProject
Global
	GlobalSection(SolutionConfigurationPlatforms) = preSolution
		Debug|Any CPU = Debug|Any CPU
		Release|Any CPU = Release|Any CPU
		Debug|iPhoneSimulator = Debug|iPhoneSimulator
		Release|iPhoneSimulator = Release|iPhoneSimulator
		Debug|iPhone = Debug|iPhone
		Release|iPhone = Release|iPhone
		Ad-Hoc|iPhone = Ad-Hoc|iPhone
		AppStore|iPhone = AppStore|iPhone
	EndGlobalSection
	GlobalSection(ProjectConfigurationPlatforms) = postSolution
		{E93BB9E8-B9F7-4FD7-BF6A-DE5CA38D9D4A}.Debug|Any CPU.ActiveCfg = Debug|Any CPU
		{E93BB9E8-B9F7-4FD7-BF6A-DE5CA38D9D4A}.Debug|Any CPU.Build.0 = Debug|Any CPU
		{E93BB9E8-B9F7-4FD7-BF6A-DE5CA38D9D4A}.Release|Any CPU.ActiveCfg = Release|Any CPU
		{E93BB9E8-B9F7-4FD7-BF6A-DE5CA38D9D4A}.Release|Any CPU.Build.0 = Release|Any CPU
		{5D369EE5-FAC3-4A26-830F-C5099876E163}.Debug|Any CPU.ActiveCfg = Debug|Any CPU
		{5D369EE5-FAC3-4A26-830F-C5099876E163}.Debug|Any CPU.Build.0 = Debug|Any CPU
		{5D369EE5-FAC3-4A26-830F-C5099876E163}.Release|Any CPU.ActiveCfg = Release|Any CPU
		{5D369EE5-FAC3-4A26-830F-C5099876E163}.Release|Any CPU.Build.0 = Release|Any CPU
		{E8AD45F4-7C24-491E-AB86-9C571BC3806B}.Debug|Any CPU.ActiveCfg = Debug|Any CPU
		{E8AD45F4-7C24-491E-AB86-9C571BC3806B}.Debug|Any CPU.Build.0 = Debug|Any CPU
		{E8AD45F4-7C24-491E-AB86-9C571BC3806B}.Release|Any CPU.ActiveCfg = Release|Any CPU
		{E8AD45F4-7C24-491E-AB86-9C571BC3806B}.Release|Any CPU.Build.0 = Release|Any CPU
		{E8AD45F4-7C24-491E-AB86-9C571BC3806B}.Debug|iPhoneSimulator.ActiveCfg = Debug|Any CPU
		{E8AD45F4-7C24-491E-AB86-9C571BC3806B}.Debug|iPhoneSimulator.Build.0 = Debug|Any CPU
		{E8AD45F4-7C24-491E-AB86-9C571BC3806B}.Release|iPhoneSimulator.ActiveCfg = Release|Any CPU
		{E8AD45F4-7C24-491E-AB86-9C571BC3806B}.Release|iPhoneSimulator.Build.0 = Release|Any CPU
		{E8AD45F4-7C24-491E-AB86-9C571BC3806B}.Debug|iPhone.ActiveCfg = Debug|Any CPU
		{E8AD45F4-7C24-491E-AB86-9C571BC3806B}.Debug|iPhone.Build.0 = Debug|Any CPU
		{E8AD45F4-7C24-491E-AB86-9C571BC3806B}.Release|iPhone.ActiveCfg = Release|Any CPU
		{E8AD45F4-7C24-491E-AB86-9C571BC3806B}.Release|iPhone.Build.0 = Release|Any CPU
		{E8AD45F4-7C24-491E-AB86-9C571BC3806B}.Ad-Hoc|iPhone.ActiveCfg = Debug|Any CPU
		{E8AD45F4-7C24-491E-AB86-9C571BC3806B}.Ad-Hoc|iPhone.Build.0 = Debug|Any CPU
		{E8AD45F4-7C24-491E-AB86-9C571BC3806B}.AppStore|iPhone.ActiveCfg = Debug|Any CPU
		{E8AD45F4-7C24-491E-AB86-9C571BC3806B}.AppStore|iPhone.Build.0 = Debug|Any CPU
		{8FA2FCB4-AD3F-4751-AC66-30E0B1C7949A}.Debug|Any CPU.ActiveCfg = Debug|Any CPU
		{8FA2FCB4-AD3F-4751-AC66-30E0B1C7949A}.Debug|Any CPU.Build.0 = Debug|Any CPU
		{8FA2FCB4-AD3F-4751-AC66-30E0B1C7949A}.Release|Any CPU.ActiveCfg = Release|Any CPU
		{8FA2FCB4-AD3F-4751-AC66-30E0B1C7949A}.Release|Any CPU.Build.0 = Release|Any CPU
		{8FA2FCB4-AD3F-4751-AC66-30E0B1C7949A}.Debug|iPhoneSimulator.ActiveCfg = Debug|Any CPU
		{8FA2FCB4-AD3F-4751-AC66-30E0B1C7949A}.Debug|iPhoneSimulator.Build.0 = Debug|Any CPU
		{8FA2FCB4-AD3F-4751-AC66-30E0B1C7949A}.Release|iPhoneSimulator.ActiveCfg = Release|Any CPU
		{8FA2FCB4-AD3F-4751-AC66-30E0B1C7949A}.Release|iPhoneSimulator.Build.0 = Release|Any CPU
		{8FA2FCB4-AD3F-4751-AC66-30E0B1C7949A}.Debug|iPhone.ActiveCfg = Debug|Any CPU
		{8FA2FCB4-AD3F-4751-AC66-30E0B1C7949A}.Debug|iPhone.Build.0 = Debug|Any CPU
		{8FA2FCB4-AD3F-4751-AC66-30E0B1C7949A}.Release|iPhone.ActiveCfg = Release|Any CPU
		{8FA2FCB4-AD3F-4751-AC66-30E0B1C7949A}.Release|iPhone.Build.0 = Release|Any CPU
		{8FA2FCB4-AD3F-4751-AC66-30E0B1C7949A}.Ad-Hoc|iPhone.ActiveCfg = Debug|Any CPU
		{8FA2FCB4-AD3F-4751-AC66-30E0B1C7949A}.Ad-Hoc|iPhone.Build.0 = Debug|Any CPU
		{8FA2FCB4-AD3F-4751-AC66-30E0B1C7949A}.AppStore|iPhone.ActiveCfg = Debug|Any CPU
		{8FA2FCB4-AD3F-4751-AC66-30E0B1C7949A}.AppStore|iPhone.Build.0 = Debug|Any CPU
		{7D907DA1-ECCF-423E-A11D-C0C9B840DF4B}.Debug|Any CPU.ActiveCfg = Debug|Any CPU
		{7D907DA1-ECCF-423E-A11D-C0C9B840DF4B}.Debug|Any CPU.Build.0 = Debug|Any CPU
		{7D907DA1-ECCF-423E-A11D-C0C9B840DF4B}.Release|Any CPU.ActiveCfg = Release|Any CPU
		{7D907DA1-ECCF-423E-A11D-C0C9B840DF4B}.Release|Any CPU.Build.0 = Release|Any CPU
		{BFA7B154-9ACC-4D2E-BBA1-2D8C87158F82}.Debug|Any CPU.ActiveCfg = Debug|Any CPU
		{BFA7B154-9ACC-4D2E-BBA1-2D8C87158F82}.Debug|Any CPU.Build.0 = Debug|Any CPU
		{BFA7B154-9ACC-4D2E-BBA1-2D8C87158F82}.Release|Any CPU.ActiveCfg = Release|Any CPU
		{BFA7B154-9ACC-4D2E-BBA1-2D8C87158F82}.Release|Any CPU.Build.0 = Release|Any CPU
		{0C9E3690-9FAF-42FB-9D04-292FDDB72842}.Debug|iPhoneSimulator.ActiveCfg = Debug|Any CPU
		{0C9E3690-9FAF-42FB-9D04-292FDDB72842}.Debug|iPhoneSimulator.Build.0 = Debug|Any CPU
		{0C9E3690-9FAF-42FB-9D04-292FDDB72842}.Release|iPhoneSimulator.ActiveCfg = Release|Any CPU
		{0C9E3690-9FAF-42FB-9D04-292FDDB72842}.Release|iPhoneSimulator.Build.0 = Release|Any CPU
		{0C9E3690-9FAF-42FB-9D04-292FDDB72842}.Debug|iPhone.ActiveCfg = Debug|Any CPU
		{0C9E3690-9FAF-42FB-9D04-292FDDB72842}.Debug|iPhone.Build.0 = Debug|Any CPU
		{0C9E3690-9FAF-42FB-9D04-292FDDB72842}.Release|iPhone.ActiveCfg = Release|Any CPU
		{0C9E3690-9FAF-42FB-9D04-292FDDB72842}.Release|iPhone.Build.0 = Release|Any CPU
		{0C9E3690-9FAF-42FB-9D04-292FDDB72842}.Ad-Hoc|iPhone.ActiveCfg = Debug|Any CPU
		{0C9E3690-9FAF-42FB-9D04-292FDDB72842}.Ad-Hoc|iPhone.Build.0 = Debug|Any CPU
		{0C9E3690-9FAF-42FB-9D04-292FDDB72842}.AppStore|iPhone.ActiveCfg = Debug|Any CPU
		{0C9E3690-9FAF-42FB-9D04-292FDDB72842}.AppStore|iPhone.Build.0 = Debug|Any CPU
		{E4E5E0F9-AC29-43A3-82B5-42CEC9A8D24F}.Debug|iPhoneSimulator.ActiveCfg = Debug|iPhoneSimulator
		{E4E5E0F9-AC29-43A3-82B5-42CEC9A8D24F}.Debug|iPhoneSimulator.Build.0 = Debug|iPhoneSimulator
		{E4E5E0F9-AC29-43A3-82B5-42CEC9A8D24F}.Release|iPhoneSimulator.ActiveCfg = Release|iPhoneSimulator
		{E4E5E0F9-AC29-43A3-82B5-42CEC9A8D24F}.Release|iPhoneSimulator.Build.0 = Release|iPhoneSimulator
		{E4E5E0F9-AC29-43A3-82B5-42CEC9A8D24F}.Debug|iPhone.ActiveCfg = Debug|iPhone
		{E4E5E0F9-AC29-43A3-82B5-42CEC9A8D24F}.Debug|iPhone.Build.0 = Debug|iPhone
		{E4E5E0F9-AC29-43A3-82B5-42CEC9A8D24F}.Release|iPhone.ActiveCfg = Release|iPhone
		{E4E5E0F9-AC29-43A3-82B5-42CEC9A8D24F}.Release|iPhone.Build.0 = Release|iPhone
		{E4E5E0F9-AC29-43A3-82B5-42CEC9A8D24F}.Ad-Hoc|iPhone.ActiveCfg = Ad-Hoc|iPhone
		{E4E5E0F9-AC29-43A3-82B5-42CEC9A8D24F}.Ad-Hoc|iPhone.Build.0 = Ad-Hoc|iPhone
		{E4E5E0F9-AC29-43A3-82B5-42CEC9A8D24F}.AppStore|iPhone.ActiveCfg = AppStore|iPhone
		{E4E5E0F9-AC29-43A3-82B5-42CEC9A8D24F}.AppStore|iPhone.Build.0 = AppStore|iPhone
		{743E1407-6B0A-44B6-BFCC-3CE55036902C}.Debug|Any CPU.ActiveCfg = Debug|Any CPU
		{743E1407-6B0A-44B6-BFCC-3CE55036902C}.Debug|Any CPU.Build.0 = Debug|Any CPU
		{743E1407-6B0A-44B6-BFCC-3CE55036902C}.Release|Any CPU.ActiveCfg = Release|Any CPU
		{743E1407-6B0A-44B6-BFCC-3CE55036902C}.Release|Any CPU.Build.0 = Release|Any CPU
		{81EA74B1-1097-4983-B72C-08B7A72D472D}.Debug|iPhoneSimulator.ActiveCfg = Debug|Any CPU
		{81EA74B1-1097-4983-B72C-08B7A72D472D}.Debug|iPhoneSimulator.Build.0 = Debug|Any CPU
		{81EA74B1-1097-4983-B72C-08B7A72D472D}.Release|iPhoneSimulator.ActiveCfg = Release|Any CPU
		{81EA74B1-1097-4983-B72C-08B7A72D472D}.Release|iPhoneSimulator.Build.0 = Release|Any CPU
		{81EA74B1-1097-4983-B72C-08B7A72D472D}.Debug|iPhone.ActiveCfg = Debug|Any CPU
		{81EA74B1-1097-4983-B72C-08B7A72D472D}.Debug|iPhone.Build.0 = Debug|Any CPU
		{81EA74B1-1097-4983-B72C-08B7A72D472D}.Release|iPhone.ActiveCfg = Release|Any CPU
		{81EA74B1-1097-4983-B72C-08B7A72D472D}.Release|iPhone.Build.0 = Release|Any CPU
		{81EA74B1-1097-4983-B72C-08B7A72D472D}.Ad-Hoc|iPhone.ActiveCfg = Debug|Any CPU
		{81EA74B1-1097-4983-B72C-08B7A72D472D}.Ad-Hoc|iPhone.Build.0 = Debug|Any CPU
		{81EA74B1-1097-4983-B72C-08B7A72D472D}.AppStore|iPhone.ActiveCfg = Debug|Any CPU
		{81EA74B1-1097-4983-B72C-08B7A72D472D}.AppStore|iPhone.Build.0 = Debug|Any CPU
	EndGlobalSection
	GlobalSection(NestedProjects) = preSolution
		{E8AD45F4-7C24-491E-AB86-9C571BC3806B} = {19267343-0ED9-4E21-AE2F-3FAC5841A675}
		{5D369EE5-FAC3-4A26-830F-C5099876E163} = {19267343-0ED9-4E21-AE2F-3FAC5841A675}
		{E4E5E0F9-AC29-43A3-82B5-42CEC9A8D24F} = {19267343-0ED9-4E21-AE2F-3FAC5841A675}
		{E93BB9E8-B9F7-4FD7-BF6A-DE5CA38D9D4A} = {19267343-0ED9-4E21-AE2F-3FAC5841A675}
	EndGlobalSection
EndGlobal
